
Microsoft Visual Studio Solution File, Format Version 12.00
# Visual Studio 14
VisualStudioVersion = 14.0.25420.1
MinimumVisualStudioVersion = 10.0.40219.1
Project("{FAE04EC0-301F-11D3-BF4B-00C04F79EFBC}") = "DemoGui", "DemoGui\DemoGui.csproj", "{44447366-F4D0-4A28-82DB-BDEF6D01DC94}"
EndProject
Project("{FAE04EC0-301F-11D3-BF4B-00C04F79EFBC}") = "TaoDSLop", "TaoDSLop\TaoDSLop.csproj", "{0315FC78-7406-4F57-9C27-F08B1DAFB584}"
EndProject
Project("{FAE04EC0-301F-11D3-BF4B-00C04F79EFBC}") = "TraCuuHS", "TraCuuHS\TraCuuHS.csproj", "{869465C7-544E-43F5-8515-851958C6342B}"
EndProject
Project("{FAE04EC0-301F-11D3-BF4B-00C04F79EFBC}") = "ThayDoiQuyDinh", "ThayDoiQuyDinh\ThayDoiQuyDinh.csproj", "{47C13A50-C9B0-4AE4-B9BD-B9F330B9DB2B}"
EndProject
Global
	GlobalSection(SolutionConfigurationPlatforms) = preSolution
		Debug|Any CPU = Debug|Any CPU
		Release|Any CPU = Release|Any CPU
	EndGlobalSection
	GlobalSection(ProjectConfigurationPlatforms) = postSolution
		{44447366-F4D0-4A28-82DB-BDEF6D01DC94}.Debug|Any CPU.ActiveCfg = Debug|Any CPU
		{44447366-F4D0-4A28-82DB-BDEF6D01DC94}.Debug|Any CPU.Build.0 = Debug|Any CPU
		{44447366-F4D0-4A28-82DB-BDEF6D01DC94}.Release|Any CPU.ActiveCfg = Release|Any CPU
		{44447366-F4D0-4A28-82DB-BDEF6D01DC94}.Release|Any CPU.Build.0 = Release|Any CPU
		{0315FC78-7406-4F57-9C27-F08B1DAFB584}.Debug|Any CPU.ActiveCfg = Debug|Any CPU
		{0315FC78-7406-4F57-9C27-F08B1DAFB584}.Debug|Any CPU.Build.0 = Debug|Any CPU
		{0315FC78-7406-4F57-9C27-F08B1DAFB584}.Release|Any CPU.ActiveCfg = Release|Any CPU
		{0315FC78-7406-4F57-9C27-F08B1DAFB584}.Release|Any CPU.Build.0 = Release|Any CPU
		{869465C7-544E-43F5-8515-851958C6342B}.Debug|Any CPU.ActiveCfg = Debug|Any CPU
		{869465C7-544E-43F5-8515-851958C6342B}.Debug|Any CPU.Build.0 = Debug|Any CPU
		{869465C7-544E-43F5-8515-851958C6342B}.Release|Any CPU.ActiveCfg = Release|Any CPU
		{869465C7-544E-43F5-8515-851958C6342B}.Release|Any CPU.Build.0 = Release|Any CPU
		{47C13A50-C9B0-4AE4-B9BD-B9F330B9DB2B}.Debug|Any CPU.ActiveCfg = Debug|Any CPU
		{47C13A50-C9B0-4AE4-B9BD-B9F330B9DB2B}.Debug|Any CPU.Build.0 = Debug|Any CPU
		{47C13A50-C9B0-4AE4-B9BD-B9F330B9DB2B}.Release|Any CPU.ActiveCfg = Release|Any CPU
		{47C13A50-C9B0-4AE4-B9BD-B9F330B9DB2B}.Release|Any CPU.Build.0 = Release|Any CPU
	EndGlobalSection
	GlobalSection(SolutionProperties) = preSolution
		HideSolutionNode = FALSE
	EndGlobalSection
EndGlobal
